PODS:
  - Flutter (1.0.0)
  - flutter_theolive (0.0.1):
    - Flutter
    - THEOliveSDK (= 1.0.0)
  - THEOliveSDK (1.0.0)

DEPENDENCIES:
  - Flutter (from `Flutter`)
  - flutter_theolive (from `.symlinks/plugins/flutter_theolive/ios`)

SPEC REPOS:
  trunk:
    - THEOliveSDK

EXTERNAL SOURCES:
  Flutter:
    :path: Flutter
  flutter_theolive:
    :path: ".symlinks/plugins/flutter_theolive/ios"

SPEC CHECKSUMS:
  Flutter: f04841e97a9d0b0a8025694d0796dd46242b2854
  flutter_theolive: 1a1284cd093a5b14a8ff1dfd544ff09d9c87eba8
  THEOliveSDK: 52503ed616ef24120fc8ddbb0dc74f5d78175382

PODFILE CHECKSUM: 8ae5c35a5cecf3f61034d5617181e61ad4d19544

COCOAPODS: 1.12.1
