PODS:
  - Flutter (1.0.0)
  - flutter_theolive (0.0.1):
    - Flutter
    - THEOliveSDK (= 3.13.1)
  - THEOliveSDK (3.13.1)

DEPENDENCIES:
  - Flutter (from `Flutter`)
  - flutter_theolive (from `.symlinks/plugins/flutter_theolive/ios`)

SPEC REPOS:
  trunk:
    - THEOliveSDK

EXTERNAL SOURCES:
  Flutter:
    :path: Flutter
  flutter_theolive:
    :path: ".symlinks/plugins/flutter_theolive/ios"

SPEC CHECKSUMS:
  Flutter: f04841e97a9d0b0a8025694d0796dd46242b2854
  flutter_theolive: 0b810788246f5a1f5a2f0a65c8a6a3be07ddfb97
  THEOliveSDK: 37f625222047a9da4a471db45bbb26bfd8768dee

PODFILE CHECKSUM: 8ae5c35a5cecf3f61034d5617181e61ad4d19544

COCOAPODS: 1.12.1
