PODS:
  - Flutter (1.0.0)
  - flutter_theolive (0.0.1):
    - Flutter
    - THEOliveSDK (= 3.11.0)
  - THEOliveSDK (3.11.0)

DEPENDENCIES:
  - Flutter (from `Flutter`)
  - flutter_theolive (from `.symlinks/plugins/flutter_theolive/ios`)

SPEC REPOS:
  trunk:
    - THEOliveSDK

EXTERNAL SOURCES:
  Flutter:
    :path: Flutter
  flutter_theolive:
    :path: ".symlinks/plugins/flutter_theolive/ios"

SPEC CHECKSUMS:
  Flutter: f04841e97a9d0b0a8025694d0796dd46242b2854
  flutter_theolive: fc27d36293e5d846a9375957184342e04ec7ee08
  THEOliveSDK: d32d7c19f7b777b40c8c09c4d90e73e102136ddb

PODFILE CHECKSUM: 8ae5c35a5cecf3f61034d5617181e61ad4d19544

COCOAPODS: 1.12.1
